schema: '2.0'
stages:
  load_data:
    cmd: python src/load_data.py --config=params.yaml
    deps:
    - path: data_given/winequality.csv
      md5: ccc8d3507eb151f53f760d36abdef888
      size: 91998
    - path: src/get_data.py
      md5: 19f48d6597a6b9ee3afb0adf55a293f9
      size: 646
    - path: src/load_data.py
      md5: 3054bd6011b9f9adaf4c6d820a798afd
      size: 691
    outs:
    - path: data/raw/winequality.csv
      md5: d98e8f2eca228c11c4de1cc96866a54d
      size: 93598
